
Microsoft Visual Studio Solution File, Format Version 12.00
# Visual Studio Version 16
VisualStudioVersion = 16.0.31112.23
MinimumVisualStudioVersion = 10.0.40219.1
Project("{FAE04EC0-301F-11D3-BF4B-00C04F79EFBC}") = "AddressBookSystem_ADO.NET", "AddressBookSystem_ADO.NET\AddressBookSystem_ADO.NET.csproj", "{70D40DF8-B5AF-4E95-BE4B-B94A41311BC6}"
EndProject
Global
	GlobalSection(SolutionConfigurationPlatforms) = preSolution
		Debug|Any CPU = Debug|Any CPU
		Release|Any CPU = Release|Any CPU
	EndGlobalSection
	GlobalSection(ProjectConfigurationPlatforms) = postSolution
		{70D40DF8-B5AF-4E95-BE4B-B94A41311BC6}.Debug|Any CPU.ActiveCfg = Debug|Any CPU
		{70D40DF8-B5AF-4E95-BE4B-B94A41311BC6}.Debug|Any CPU.Build.0 = Debug|Any CPU
		{70D40DF8-B5AF-4E95-BE4B-B94A41311BC6}.Release|Any CPU.ActiveCfg = Release|Any CPU
		{70D40DF8-B5AF-4E95-BE4B-B94A41311BC6}.Release|Any CPU.Build.0 = Release|Any CPU
	EndGlobalSection
	GlobalSection(SolutionProperties) = preSolution
		HideSolutionNode = FALSE
	EndGlobalSection
	GlobalSection(ExtensibilityGlobals) = postSolution
		SolutionGuid = {604C8194-9972-4B09-A741-FEA7F73CF982}
	EndGlobalSection
EndGlobal
